
Microsoft Visual Studio Solution File, Format Version 12.00
# Visual Studio Version 16
VisualStudioVersion = 16.0.30907.101
MinimumVisualStudioVersion = 10.0.40219.1
Project("{FAE04EC0-301F-11D3-BF4B-00C04F79EFBC}") = "ConsoleApp2", "ConsoleApp2\ConsoleApp2.csproj", "{C5011061-151B-44DD-BA6B-8EEA517F46DE}"
EndProject
Global
	GlobalSection(SolutionConfigurationPlatforms) = preSolution
		Debug|Any CPU = Debug|Any CPU
		Release|Any CPU = Release|Any CPU
	EndGlobalSection
	GlobalSection(ProjectConfigurationPlatforms) = postSolution
		{C5011061-151B-44DD-BA6B-8EEA517F46DE}.Debug|Any CPU.ActiveCfg = Debug|Any CPU
		{C5011061-151B-44DD-BA6B-8EEA517F46DE}.Debug|Any CPU.Build.0 = Debug|Any CPU
		{C5011061-151B-44DD-BA6B-8EEA517F46DE}.Release|Any CPU.ActiveCfg = Release|Any CPU
		{C5011061-151B-44DD-BA6B-8EEA517F46DE}.Release|Any CPU.Build.0 = Release|Any CPU
	EndGlobalSection
	GlobalSection(SolutionProperties) = preSolution
		HideSolutionNode = FALSE
	EndGlobalSection
	GlobalSection(ExtensibilityGlobals) = postSolution
		SolutionGuid = {90B55331-C916-433B-B753-1B38746BFD90}
	EndGlobalSection
EndGlobal
